
Microsoft Visual Studio Solution File, Format Version 12.00
# Visual Studio 14
VisualStudioVersion = 14.0.24720.0
MinimumVisualStudioVersion = 10.0.40219.1
Project("{FAE04EC0-301F-11D3-BF4B-00C04F79EFBC}") = "Serialization", "Serialization\Serialization.csproj", "{E56EDA9D-3E28-4DC6-84B8-8A78F2A06089}"
EndProject
Project("{FAE04EC0-301F-11D3-BF4B-00C04F79EFBC}") = "SerializerGenerator", "SerializerGenerator\SerializerGenerator.csproj", "{493CF82E-DEDB-467D-83D4-13F786FD957E}"
EndProject
Project("{FAE04EC0-301F-11D3-BF4B-00C04F79EFBC}") = "SerializationPerformanceTest", "SerializationPerformanceTest\SerializationPerformanceTest.csproj", "{BF7DC634-72AA-4AF0-9583-562BAE8C90ED}"
EndProject
Project("{FAE04EC0-301F-11D3-BF4B-00C04F79EFBC}") = "SerializationTest", "SerializationTest\SerializationTest.csproj", "{2AD966F9-C1BB-4F93-8EE7-951D4BB3D84A}"
EndProject
Global
	GlobalSection(SolutionConfigurationPlatforms) = preSolution
		Debug|Any CPU = Debug|Any CPU
		Release|Any CPU = Release|Any CPU
	EndGlobalSection
	GlobalSection(ProjectConfigurationPlatforms) = postSolution
		{E56EDA9D-3E28-4DC6-84B8-8A78F2A06089}.Debug|Any CPU.ActiveCfg = Debug|Any CPU
		{E56EDA9D-3E28-4DC6-84B8-8A78F2A06089}.Debug|Any CPU.Build.0 = Debug|Any CPU
		{E56EDA9D-3E28-4DC6-84B8-8A78F2A06089}.Release|Any CPU.ActiveCfg = Release|Any CPU
		{E56EDA9D-3E28-4DC6-84B8-8A78F2A06089}.Release|Any CPU.Build.0 = Release|Any CPU
		{493CF82E-DEDB-467D-83D4-13F786FD957E}.Debug|Any CPU.ActiveCfg = Debug|Any CPU
		{493CF82E-DEDB-467D-83D4-13F786FD957E}.Debug|Any CPU.Build.0 = Debug|Any CPU
		{493CF82E-DEDB-467D-83D4-13F786FD957E}.Release|Any CPU.ActiveCfg = Release|Any CPU
		{493CF82E-DEDB-467D-83D4-13F786FD957E}.Release|Any CPU.Build.0 = Release|Any CPU
		{BF7DC634-72AA-4AF0-9583-562BAE8C90ED}.Debug|Any CPU.ActiveCfg = Debug|Any CPU
		{BF7DC634-72AA-4AF0-9583-562BAE8C90ED}.Debug|Any CPU.Build.0 = Debug|Any CPU
		{BF7DC634-72AA-4AF0-9583-562BAE8C90ED}.Release|Any CPU.ActiveCfg = Release|Any CPU
		{BF7DC634-72AA-4AF0-9583-562BAE8C90ED}.Release|Any CPU.Build.0 = Release|Any CPU
		{2AD966F9-C1BB-4F93-8EE7-951D4BB3D84A}.Debug|Any CPU.ActiveCfg = Debug|Any CPU
		{2AD966F9-C1BB-4F93-8EE7-951D4BB3D84A}.Debug|Any CPU.Build.0 = Debug|Any CPU
		{2AD966F9-C1BB-4F93-8EE7-951D4BB3D84A}.Release|Any CPU.ActiveCfg = Release|Any CPU
		{2AD966F9-C1BB-4F93-8EE7-951D4BB3D84A}.Release|Any CPU.Build.0 = Release|Any CPU
	EndGlobalSection
	GlobalSection(SolutionProperties) = preSolution
		HideSolutionNode = FALSE
	EndGlobalSection
EndGlobal
